{
  "name": "Plotter",
  "lockfileVersion": 2,
  "requires": true,
  "packages": {
    "": {
      "dependencies": {
        "@types/mathjs": "^6.0.11",
        "@types/numeric": "^1.2.1",
        "mathjs": "^9.3.2",
        "numbers": "^0.7.0",
        "numeric": "^1.2.6"
      },
      "devDependencies": {
        "@types/node": "^14.14.39"
      }
    },
    "node_modules/@types/mathjs": {
      "version": "6.0.11",
      "resolved": "https://registry.npm.taobao.org/@types/mathjs/download/@types/mathjs-6.0.11.tgz",
      "integrity": "sha1-vyTB7YdSUidACNLDc7rQfgNIrfs=",
      "dependencies": {
        "decimal.js": "^10.0.0"
      }
    },
    "node_modules/@types/node": {
      "version": "14.14.39",
      "resolved": "https://registry.npm.taobao.org/@types/node/download/@types/node-14.14.39.tgz?cache=0&sync_timestamp=1618432510459&other_urls=https%3A%2F%2Fregistry.npm.taobao.org%2F%40types%2Fnode%2Fdownload%2F%40types%2Fnode-14.14.39.tgz",
      "integrity": "sha1-nvOU1OtSlT0okOSDk5PDCaol0tE=",
      "dev": true
    },
    "node_modules/@types/numeric": {
      "version": "1.2.1",
      "resolved": "https://registry.npm.taobao.org/@types/numeric/download/@types/numeric-1.2.1.tgz",
      "integrity": "sha1-a85dDE8bIPLL1KPUeSK4/m42rVY="
    },
    "node_modules/complex.js": {
      "version": "2.0.12",
      "resolved": "https://registry.npm.taobao.org/complex.js/download/complex.js-2.0.12.tgz",
      "integrity": "sha1-+k35fYko5fe2qGs1ve7MOj7aiiI=",
      "engines": {
        "node": "*"
      }
    },
    "node_modules/decimal.js": {
      "version": "10.2.1",
      "resolved": "https://registry.npm.taobao.org/decimal.js/download/decimal.js-10.2.1.tgz",
      "integrity": "sha1-I4rnsPDHk9PjzqQQEIs1osAUJqM="
    },
    "node_modules/escape-latex": {
      "version": "1.2.0",
      "resolved": "https://registry.npm.taobao.org/escape-latex/download/escape-latex-1.2.0.tgz",
      "integrity": "sha1-B8A4GM99rCUMzlF/T9obAB7yvKE="
    },
    "node_modules/fraction.js": {
      "version": "4.0.13",
      "resolved": "https://registry.npm.taobao.org/fraction.js/download/fraction.js-4.0.13.tgz?cache=0&sync_timestamp=1608864896341&other_urls=https%3A%2F%2Fregistry.npm.taobao.org%2Ffraction.js%2Fdownload%2Ffraction.js-4.0.13.tgz",
      "integrity": "sha1-PBwxX6FrNchf/6lXJaNvpynGnf4=",
      "engines": {
        "node": "*"
      }
    },
    "node_modules/javascript-natural-sort": {
      "version": "0.7.1",
      "resolved": "https://registry.npm.taobao.org/javascript-natural-sort/download/javascript-natural-sort-0.7.1.tgz",
      "integrity": "sha1-+eIwPUUH9tdDVac2ZNFED7Wg71k="
    },
    "node_modules/mathjs": {
      "version": "9.3.2",
      "resolved": "https://registry.npm.taobao.org/mathjs/download/mathjs-9.3.2.tgz",
      "integrity": "sha1-ZSPdXJY9IA/xzqD/eWOxBSG4IYU=",
      "dependencies": {
        "complex.js": "^2.0.11",
        "decimal.js": "^10.2.1",
        "escape-latex": "^1.2.0",
        "fraction.js": "^4.0.13",
        "javascript-natural-sort": "^0.7.1",
        "seedrandom": "^3.0.5",
        "tiny-emitter": "^2.1.0",
        "typed-function": "^2.0.0"
      },
      "bin": {
        "mathjs": "bin/cli.js"
      },
      "engines": {
        "node": ">= 10"
      }
    },
    "node_modules/numbers": {
      "version": "0.7.0",
      "resolved": "https://registry.nlark.com/numbers/download/numbers-0.7.0.tgz",
      "integrity": "sha1-BfPyOaKiLQBk4qMTqzpCNimLsdE=",
      "engines": {
        "node": ">= v0.6.0"
      }
    },
    "node_modules/numeric": {
      "version": "1.2.6",
      "resolved": "https://registry.npm.taobao.org/numeric/download/numeric-1.2.6.tgz",
      "integrity": "sha1-dlsCvvl5iPz4gNTrPza4D6MTNao="
    },
    "node_modules/seedrandom": {
      "version": "3.0.5",
      "resolved": "https://registry.npm.taobao.org/seedrandom/download/seedrandom-3.0.5.tgz",
      "integrity": "sha1-VO3IXJUiJSWwx6b2s1Q9jgs6oKc="
    },
    "node_modules/tiny-emitter": {
      "version": "2.1.0",
      "resolved": "https://registry.npm.taobao.org/tiny-emitter/download/tiny-emitter-2.1.0.tgz",
      "integrity": "sha1-HRpW7fxRxD6GPLtTgqcjMONVVCM="
    },
    "node_modules/typed-function": {
      "version": "2.0.0",
      "resolved": "https://registry.npm.taobao.org/typed-function/download/typed-function-2.0.0.tgz",
      "integrity": "sha1-Fas4JYRROKixETvYnmDNakNXOeg=",
      "engines": {
        "node": ">= 8"
      }
    }
  },
  "dependencies": {
    "@types/mathjs": {
      "version": "6.0.11",
      "resolved": "https://registry.npm.taobao.org/@types/mathjs/download/@types/mathjs-6.0.11.tgz",
      "integrity": "sha1-vyTB7YdSUidACNLDc7rQfgNIrfs=",
      "requires": {
        "decimal.js": "^10.0.0"
      }
    },
    "@types/node": {
      "version": "14.14.39",
      "resolved": "https://registry.npm.taobao.org/@types/node/download/@types/node-14.14.39.tgz?cache=0&sync_timestamp=1618432510459&other_urls=https%3A%2F%2Fregistry.npm.taobao.org%2F%40types%2Fnode%2Fdownload%2F%40types%2Fnode-14.14.39.tgz",
      "integrity": "sha1-nvOU1OtSlT0okOSDk5PDCaol0tE=",
      "dev": true
    },
    "@types/numeric": {
      "version": "1.2.1",
      "resolved": "https://registry.npm.taobao.org/@types/numeric/download/@types/numeric-1.2.1.tgz",
      "integrity": "sha1-a85dDE8bIPLL1KPUeSK4/m42rVY="
    },
    "complex.js": {
      "version": "2.0.12",
      "resolved": "https://registry.npm.taobao.org/complex.js/download/complex.js-2.0.12.tgz",
      "integrity": "sha1-+k35fYko5fe2qGs1ve7MOj7aiiI="
    },
    "decimal.js": {
      "version": "10.2.1",
      "resolved": "https://registry.npm.taobao.org/decimal.js/download/decimal.js-10.2.1.tgz",
      "integrity": "sha1-I4rnsPDHk9PjzqQQEIs1osAUJqM="
    },
    "escape-latex": {
      "version": "1.2.0",
      "resolved": "https://registry.npm.taobao.org/escape-latex/download/escape-latex-1.2.0.tgz",
      "integrity": "sha1-B8A4GM99rCUMzlF/T9obAB7yvKE="
    },
    "fraction.js": {
      "version": "4.0.13",
      "resolved": "https://registry.npm.taobao.org/fraction.js/download/fraction.js-4.0.13.tgz?cache=0&sync_timestamp=1608864896341&other_urls=https%3A%2F%2Fregistry.npm.taobao.org%2Ffraction.js%2Fdownload%2Ffraction.js-4.0.13.tgz",
      "integrity": "sha1-PBwxX6FrNchf/6lXJaNvpynGnf4="
    },
    "javascript-natural-sort": {
      "version": "0.7.1",
      "resolved": "https://registry.npm.taobao.org/javascript-natural-sort/download/javascript-natural-sort-0.7.1.tgz",
      "integrity": "sha1-+eIwPUUH9tdDVac2ZNFED7Wg71k="
    },
    "mathjs": {
      "version": "9.3.2",
      "resolved": "https://registry.npm.taobao.org/mathjs/download/mathjs-9.3.2.tgz",
      "integrity": "sha1-ZSPdXJY9IA/xzqD/eWOxBSG4IYU=",
      "requires": {
        "complex.js": "^2.0.11",
        "decimal.js": "^10.2.1",
        "escape-latex": "^1.2.0",
        "fraction.js": "^4.0.13",
        "javascript-natural-sort": "^0.7.1",
        "seedrandom": "^3.0.5",
        "tiny-emitter": "^2.1.0",
        "typed-function": "^2.0.0"
      }
    },
    "numbers": {
      "version": "0.7.0",
      "resolved": "https://registry.nlark.com/numbers/download/numbers-0.7.0.tgz",
      "integrity": "sha1-BfPyOaKiLQBk4qMTqzpCNimLsdE="
    },
    "numeric": {
      "version": "1.2.6",
      "resolved": "https://registry.npm.taobao.org/numeric/download/numeric-1.2.6.tgz",
      "integrity": "sha1-dlsCvvl5iPz4gNTrPza4D6MTNao="
    },
    "seedrandom": {
      "version": "3.0.5",
      "resolved": "https://registry.npm.taobao.org/seedrandom/download/seedrandom-3.0.5.tgz",
      "integrity": "sha1-VO3IXJUiJSWwx6b2s1Q9jgs6oKc="
    },
    "tiny-emitter": {
      "version": "2.1.0",
      "resolved": "https://registry.npm.taobao.org/tiny-emitter/download/tiny-emitter-2.1.0.tgz",
      "integrity": "sha1-HRpW7fxRxD6GPLtTgqcjMONVVCM="
    },
    "typed-function": {
      "version": "2.0.0",
      "resolved": "https://registry.npm.taobao.org/typed-function/download/typed-function-2.0.0.tgz",
      "integrity": "sha1-Fas4JYRROKixETvYnmDNakNXOeg="
    }
  }
}
